
Microsoft Visual Studio Solution File, Format Version 11.00
# Visual Studio 2010
Project("{8BC9CEB8-8B4A-11D0-8D11-00A0C91BC942}") = "ak_Robot_1", "ak_Robot_1\ak_Robot_1.vcxproj", "{CB225592-E6CF-4EE1-BFDB-493182C34805}"
EndProject
Global
	GlobalSection(SolutionConfigurationPlatforms) = preSolution
		Debug|Win32 = Debug|Win32
		Release|Win32 = Release|Win32
	EndGlobalSection
	GlobalSection(ProjectConfigurationPlatforms) = postSolution
		{CB225592-E6CF-4EE1-BFDB-493182C34805}.Debug|Win32.ActiveCfg = Debug|Win32
		{CB225592-E6CF-4EE1-BFDB-493182C34805}.Debug|Win32.Build.0 = Debug|Win32
		{CB225592-E6CF-4EE1-BFDB-493182C34805}.Release|Win32.ActiveCfg = Release|Win32
		{CB225592-E6CF-4EE1-BFDB-493182C34805}.Release|Win32.Build.0 = Release|Win32
	EndGlobalSection
	GlobalSection(SolutionProperties) = preSolution
		HideSolutionNode = FALSE
	EndGlobalSection
EndGlobal
